
Microsoft Visual Studio Solution File, Format Version 12.00
# Visual Studio Version 16
VisualStudioVersion = 16.0.31205.134
MinimumVisualStudioVersion = 10.0.40219.1
Project("{2150E333-8FDC-42A3-9474-1A3956D46DE8}") = "src", "src", "{9171771F-2BF8-48D7-9B1C-21CDD539C197}"
EndProject
Project("{2150E333-8FDC-42A3-9474-1A3956D46DE8}") = "common", "common", "{8C0AE270-3812-40EE-BA39-07FF6DF33FF0}"
	ProjectSection(SolutionItems) = preProject
		.editorconfig = .editorconfig
		.gitignore = .gitignore
		Bounded Context Canvas.drawio = Bounded Context Canvas.drawio
		Dockerfile = Dockerfile
		entrypoint.sh = entrypoint.sh
		readme.md = readme.md
		StyleCopeRules.ruleset = StyleCopeRules.ruleset
	EndProjectSection
EndProject
Project("{2150E333-8FDC-42A3-9474-1A3956D46DE8}") = "deploy", "deploy", "{AED5D2C2-D11F-41F9-BB30-BBD0B2C2115B}"
	ProjectSection(SolutionItems) = preProject
		deploy\docker-compose.yml = deploy\docker-compose.yml
	EndProjectSection
EndProject
Project("{9A19103F-16F7-4668-BE54-9A1E7A4F7556}") = "MerchandiseService.API", "src\MerchandiseService.API\MerchandiseService.API.csproj", "{70EE4831-6AC0-406F-A813-085746BB368A}"
EndProject
Project("{9A19103F-16F7-4668-BE54-9A1E7A4F7556}") = "MerchandiseService.Infrastructure", "src\MerchandiseService.Infrastructure\MerchandiseService.Infrastructure.csproj", "{84038729-FA33-4D4F-B43F-EF2B9BCFBD42}"
EndProject
Project("{9A19103F-16F7-4668-BE54-9A1E7A4F7556}") = "MerchandiseService.Grpc", "src\MerchandiseService.Grpc\MerchandiseService.Grpc.csproj", "{49B729EB-5AFD-4D64-982F-31C295264F47}"
EndProject
Project("{9A19103F-16F7-4668-BE54-9A1E7A4F7556}") = "MerchandiseService.HttpClient", "src\MerchandiseService.HttpClient\MerchandiseService.HttpClient.csproj", "{ABE5ED9B-D8BD-4B03-886C-CF509F33EE88}"
EndProject
Project("{9A19103F-16F7-4668-BE54-9A1E7A4F7556}") = "MerchandiseService.HttpModels", "src\MerchandiseService.HttpModels\MerchandiseService.HttpModels.csproj", "{C7653290-13C4-4D2F-B2D1-175956ECD714}"
EndProject
Project("{9A19103F-16F7-4668-BE54-9A1E7A4F7556}") = "MerchandiseService.Domain", "src\MerchandiseService.Domain\MerchandiseService.Domain.csproj", "{07A9D590-15C1-40EF-AFD6-8CD12B102F27}"
EndProject
Project("{2150E333-8FDC-42A3-9474-1A3956D46DE8}") = "tests", "tests", "{E8BB4ABA-A58D-453C-A23F-BD4270AFE210}"
EndProject
Project("{9A19103F-16F7-4668-BE54-9A1E7A4F7556}") = "MerchandiseService.Domain.Tests", "tests\MerchandiseService.Domain.Tests\MerchandiseService.Domain.Tests.csproj", "{32B24A1F-3233-48F4-BD30-74CFCEBA1469}"
EndProject
Project("{9A19103F-16F7-4668-BE54-9A1E7A4F7556}") = "MerchandiseService.Migrator", "src\MerchandiseService.Migrator\MerchandiseService.Migrator.csproj", "{6636370E-3AAB-472C-B433-7EE208985A4D}"
EndProject
Global
	GlobalSection(SolutionConfigurationPlatforms) = preSolution
		Debug|Any CPU = Debug|Any CPU
		Release|Any CPU = Release|Any CPU
	EndGlobalSection
	GlobalSection(ProjectConfigurationPlatforms) = postSolution
		{70EE4831-6AC0-406F-A813-085746BB368A}.Debug|Any CPU.ActiveCfg = Debug|Any CPU
		{70EE4831-6AC0-406F-A813-085746BB368A}.Debug|Any CPU.Build.0 = Debug|Any CPU
		{70EE4831-6AC0-406F-A813-085746BB368A}.Release|Any CPU.ActiveCfg = Release|Any CPU
		{70EE4831-6AC0-406F-A813-085746BB368A}.Release|Any CPU.Build.0 = Release|Any CPU
		{84038729-FA33-4D4F-B43F-EF2B9BCFBD42}.Debug|Any CPU.ActiveCfg = Debug|Any CPU
		{84038729-FA33-4D4F-B43F-EF2B9BCFBD42}.Debug|Any CPU.Build.0 = Debug|Any CPU
		{84038729-FA33-4D4F-B43F-EF2B9BCFBD42}.Release|Any CPU.ActiveCfg = Release|Any CPU
		{84038729-FA33-4D4F-B43F-EF2B9BCFBD42}.Release|Any CPU.Build.0 = Release|Any CPU
		{49B729EB-5AFD-4D64-982F-31C295264F47}.Debug|Any CPU.ActiveCfg = Debug|Any CPU
		{49B729EB-5AFD-4D64-982F-31C295264F47}.Debug|Any CPU.Build.0 = Debug|Any CPU
		{49B729EB-5AFD-4D64-982F-31C295264F47}.Release|Any CPU.ActiveCfg = Release|Any CPU
		{49B729EB-5AFD-4D64-982F-31C295264F47}.Release|Any CPU.Build.0 = Release|Any CPU
		{ABE5ED9B-D8BD-4B03-886C-CF509F33EE88}.Debug|Any CPU.ActiveCfg = Debug|Any CPU
		{ABE5ED9B-D8BD-4B03-886C-CF509F33EE88}.Debug|Any CPU.Build.0 = Debug|Any CPU
		{ABE5ED9B-D8BD-4B03-886C-CF509F33EE88}.Release|Any CPU.ActiveCfg = Release|Any CPU
		{ABE5ED9B-D8BD-4B03-886C-CF509F33EE88}.Release|Any CPU.Build.0 = Release|Any CPU
		{C7653290-13C4-4D2F-B2D1-175956ECD714}.Debug|Any CPU.ActiveCfg = Debug|Any CPU
		{C7653290-13C4-4D2F-B2D1-175956ECD714}.Debug|Any CPU.Build.0 = Debug|Any CPU
		{C7653290-13C4-4D2F-B2D1-175956ECD714}.Release|Any CPU.ActiveCfg = Release|Any CPU
		{C7653290-13C4-4D2F-B2D1-175956ECD714}.Release|Any CPU.Build.0 = Release|Any CPU
		{07A9D590-15C1-40EF-AFD6-8CD12B102F27}.Debug|Any CPU.ActiveCfg = Debug|Any CPU
		{07A9D590-15C1-40EF-AFD6-8CD12B102F27}.Debug|Any CPU.Build.0 = Debug|Any CPU
		{07A9D590-15C1-40EF-AFD6-8CD12B102F27}.Release|Any CPU.ActiveCfg = Release|Any CPU
		{07A9D590-15C1-40EF-AFD6-8CD12B102F27}.Release|Any CPU.Build.0 = Release|Any CPU
		{32B24A1F-3233-48F4-BD30-74CFCEBA1469}.Debug|Any CPU.ActiveCfg = Debug|Any CPU
		{32B24A1F-3233-48F4-BD30-74CFCEBA1469}.Debug|Any CPU.Build.0 = Debug|Any CPU
		{32B24A1F-3233-48F4-BD30-74CFCEBA1469}.Release|Any CPU.ActiveCfg = Release|Any CPU
		{32B24A1F-3233-48F4-BD30-74CFCEBA1469}.Release|Any CPU.Build.0 = Release|Any CPU
		{6636370E-3AAB-472C-B433-7EE208985A4D}.Debug|Any CPU.ActiveCfg = Debug|Any CPU
		{6636370E-3AAB-472C-B433-7EE208985A4D}.Debug|Any CPU.Build.0 = Debug|Any CPU
		{6636370E-3AAB-472C-B433-7EE208985A4D}.Release|Any CPU.ActiveCfg = Release|Any CPU
		{6636370E-3AAB-472C-B433-7EE208985A4D}.Release|Any CPU.Build.0 = Release|Any CPU
	EndGlobalSection
	GlobalSection(SolutionProperties) = preSolution
		HideSolutionNode = FALSE
	EndGlobalSection
	GlobalSection(NestedProjects) = preSolution
		{70EE4831-6AC0-406F-A813-085746BB368A} = {9171771F-2BF8-48D7-9B1C-21CDD539C197}
		{84038729-FA33-4D4F-B43F-EF2B9BCFBD42} = {9171771F-2BF8-48D7-9B1C-21CDD539C197}
		{49B729EB-5AFD-4D64-982F-31C295264F47} = {9171771F-2BF8-48D7-9B1C-21CDD539C197}
		{ABE5ED9B-D8BD-4B03-886C-CF509F33EE88} = {9171771F-2BF8-48D7-9B1C-21CDD539C197}
		{C7653290-13C4-4D2F-B2D1-175956ECD714} = {9171771F-2BF8-48D7-9B1C-21CDD539C197}
		{07A9D590-15C1-40EF-AFD6-8CD12B102F27} = {9171771F-2BF8-48D7-9B1C-21CDD539C197}
		{32B24A1F-3233-48F4-BD30-74CFCEBA1469} = {E8BB4ABA-A58D-453C-A23F-BD4270AFE210}
		{6636370E-3AAB-472C-B433-7EE208985A4D} = {9171771F-2BF8-48D7-9B1C-21CDD539C197}
	EndGlobalSection
	GlobalSection(ExtensibilityGlobals) = postSolution
		SolutionGuid = {D5DFDF5A-82BD-4F22-9025-D4858D5E18CA}
	EndGlobalSection
EndGlobal
